
Microsoft Visual Studio Solution File, Format Version 12.00
# Visual Studio Version 16
VisualStudioVersion = 16.0.30523.141
MinimumVisualStudioVersion = 10.0.40219.1
Project("{FAE04EC0-301F-11D3-BF4B-00C04F79EFBC}") = "GitUzduotis", "GitUzduotis.csproj", "{BF2D19E3-99FC-41E8-8C25-178F1B7F2AAA}"
EndProject
Global
	GlobalSection(SolutionConfigurationPlatforms) = preSolution
		Debug|Any CPU = Debug|Any CPU
		Release|Any CPU = Release|Any CPU
	EndGlobalSection
	GlobalSection(ProjectConfigurationPlatforms) = postSolution
		{BF2D19E3-99FC-41E8-8C25-178F1B7F2AAA}.Debug|Any CPU.ActiveCfg = Debug|Any CPU
		{BF2D19E3-99FC-41E8-8C25-178F1B7F2AAA}.Debug|Any CPU.Build.0 = Debug|Any CPU
		{BF2D19E3-99FC-41E8-8C25-178F1B7F2AAA}.Release|Any CPU.ActiveCfg = Release|Any CPU
		{BF2D19E3-99FC-41E8-8C25-178F1B7F2AAA}.Release|Any CPU.Build.0 = Release|Any CPU
	EndGlobalSection
	GlobalSection(SolutionProperties) = preSolution
		HideSolutionNode = FALSE
	EndGlobalSection
	GlobalSection(ExtensibilityGlobals) = postSolution
		SolutionGuid = {5DBE177F-E683-4129-9815-325D25BE1A33}
	EndGlobalSection
EndGlobal
